
Microsoft Visual Studio Solution File, Format Version 12.00
# Visual Studio Version 17
VisualStudioVersion = 17.14.36414.22 d17.14
MinimumVisualStudioVersion = 10.0.40219.1
Project("{FAE04EC0-301F-11D3-BF4B-00C04F79EFBC}") = "ProgramBUFF_TC", "ProgramBUFF_TC.csproj", "{C0FB0309-B0F1-40FC-9186-DC9B56AB5358}"
EndProject
<<<<<<< HEAD
Project("{FAE04EC0-301F-11D3-BF4B-00C04F79EFBC}") = "Test", "..\Test\Test.csproj", "{560A7F44-EEC0-4587-8ED8-20AC8E4D0663}"
=======
Project("{FAE04EC0-301F-11D3-BF4B-00C04F79EFBC}") = "Test", "Test.csproj", "{560A7F44-EEC0-4587-8ED8-20AC8E4D0663}"
>>>>>>> parent of 8484f02 (Delete ProgramBUFF_TC.sln)
EndProject
Global
	GlobalSection(SolutionConfigurationPlatforms) = preSolution
		Debug|Any CPU = Debug|Any CPU
		Release|Any CPU = Release|Any CPU
	EndGlobalSection
	GlobalSection(ProjectConfigurationPlatforms) = postSolution
		{C0FB0309-B0F1-40FC-9186-DC9B56AB5358}.Debug|Any CPU.ActiveCfg = Debug|Any CPU
		{C0FB0309-B0F1-40FC-9186-DC9B56AB5358}.Debug|Any CPU.Build.0 = Debug|Any CPU
		{C0FB0309-B0F1-40FC-9186-DC9B56AB5358}.Release|Any CPU.ActiveCfg = Release|Any CPU
		{C0FB0309-B0F1-40FC-9186-DC9B56AB5358}.Release|Any CPU.Build.0 = Release|Any CPU
		{560A7F44-EEC0-4587-8ED8-20AC8E4D0663}.Debug|Any CPU.ActiveCfg = Debug|Any CPU
		{560A7F44-EEC0-4587-8ED8-20AC8E4D0663}.Debug|Any CPU.Build.0 = Debug|Any CPU
		{560A7F44-EEC0-4587-8ED8-20AC8E4D0663}.Release|Any CPU.ActiveCfg = Release|Any CPU
		{560A7F44-EEC0-4587-8ED8-20AC8E4D0663}.Release|Any CPU.Build.0 = Release|Any CPU
	EndGlobalSection
	GlobalSection(SolutionProperties) = preSolution
		HideSolutionNode = FALSE
	EndGlobalSection
	GlobalSection(ExtensibilityGlobals) = postSolution
		SolutionGuid = {D932C10F-8F7B-4CC6-BBBB-00638DD88DEF}
	EndGlobalSection
EndGlobal
